
Microsoft Visual Studio Solution File, Format Version 12.00
# Visual Studio 15
VisualStudioVersion = 15.0.27004.2008
MinimumVisualStudioVersion = 10.0.40219.1
Project("{FAE04EC0-301F-11D3-BF4B-00C04F79EFBC}") = "PrimerProyectoMVC", "PrimerProyectoMVC\PrimerProyectoMVC.csproj", "{7072948B-62BA-4EB2-A9CE-41AD18E5F87B}"
EndProject
Global
	GlobalSection(SolutionConfigurationPlatforms) = preSolution
		Debug|Any CPU = Debug|Any CPU
		Release|Any CPU = Release|Any CPU
	EndGlobalSection
	GlobalSection(ProjectConfigurationPlatforms) = postSolution
		{7072948B-62BA-4EB2-A9CE-41AD18E5F87B}.Debug|Any CPU.ActiveCfg = Debug|Any CPU
		{7072948B-62BA-4EB2-A9CE-41AD18E5F87B}.Debug|Any CPU.Build.0 = Debug|Any CPU
		{7072948B-62BA-4EB2-A9CE-41AD18E5F87B}.Release|Any CPU.ActiveCfg = Release|Any CPU
		{7072948B-62BA-4EB2-A9CE-41AD18E5F87B}.Release|Any CPU.Build.0 = Release|Any CPU
	EndGlobalSection
	GlobalSection(SolutionProperties) = preSolution
		HideSolutionNode = FALSE
	EndGlobalSection
	GlobalSection(ExtensibilityGlobals) = postSolution
		SolutionGuid = {B06B09CA-344A-4DE0-9A50-EDC6AB68A0C6}
	EndGlobalSection
EndGlobal
